
Microsoft Visual Studio Solution File, Format Version 12.00
# Visual Studio Version 17
VisualStudioVersion = 17.4.33213.308
MinimumVisualStudioVersion = 10.0.40219.1
Project("{FAE04EC0-301F-11D3-BF4B-00C04F79EFBC}") = "HesapMakinesi", "HesapMakinesi\HesapMakinesi.csproj", "{D78F7081-A04D-4048-B80B-59F450063EEF}"
EndProject
Global
	GlobalSection(SolutionConfigurationPlatforms) = preSolution
		Debug|Any CPU = Debug|Any CPU
		Release|Any CPU = Release|Any CPU
	EndGlobalSection
	GlobalSection(ProjectConfigurationPlatforms) = postSolution
		{D78F7081-A04D-4048-B80B-59F450063EEF}.Debug|Any CPU.ActiveCfg = Debug|Any CPU
		{D78F7081-A04D-4048-B80B-59F450063EEF}.Debug|Any CPU.Build.0 = Debug|Any CPU
		{D78F7081-A04D-4048-B80B-59F450063EEF}.Release|Any CPU.ActiveCfg = Release|Any CPU
		{D78F7081-A04D-4048-B80B-59F450063EEF}.Release|Any CPU.Build.0 = Release|Any CPU
	EndGlobalSection
	GlobalSection(SolutionProperties) = preSolution
		HideSolutionNode = FALSE
	EndGlobalSection
	GlobalSection(ExtensibilityGlobals) = postSolution
		SolutionGuid = {339C0774-6C31-4B9E-A1A4-85D34C11B56E}
	EndGlobalSection
EndGlobal
